{
  "requires": true,
  "lockfileVersion": 1,
  "dependencies": {
    "linqjs": {
      "version": "0.0.6",
      "resolved": "https://registry.npmjs.org/linqjs/-/linqjs-0.0.6.tgz",
      "integrity": "sha1-y/uvRX+HwVn9n5MG1R0MXJf32Fo=",
      "dev": true
    },
    "typescript": {
      "version": "2.7.1",
      "resolved": "https://registry.npmjs.org/typescript/-/typescript-2.7.1.tgz",
      "integrity": "sha512-bqB1yS6o9TNA9ZC/MJxM0FZzPnZdtHj0xWK/IZ5khzVqdpGul/R/EIiHRgFXlwTD7PSIaYVnGKq1QgMCu2mnqw=="
    }
  }
}
